
Microsoft Visual Studio Solution File, Format Version 12.00
# Visual Studio Version 17
VisualStudioVersion = 17.6.33815.320
MinimumVisualStudioVersion = 10.0.40219.1
Project("{FAE04EC0-301F-11D3-BF4B-00C04F79EFBC}") = "OOPsBasic", "OOPsBasic\OOPsBasic.csproj", "{5DBDEF16-73F9-457F-B720-CA260884F027}"
EndProject
Global
	GlobalSection(SolutionConfigurationPlatforms) = preSolution
		Debug|Any CPU = Debug|Any CPU
		Release|Any CPU = Release|Any CPU
	EndGlobalSection
	GlobalSection(ProjectConfigurationPlatforms) = postSolution
		{5DBDEF16-73F9-457F-B720-CA260884F027}.Debug|Any CPU.ActiveCfg = Debug|Any CPU
		{5DBDEF16-73F9-457F-B720-CA260884F027}.Debug|Any CPU.Build.0 = Debug|Any CPU
		{5DBDEF16-73F9-457F-B720-CA260884F027}.Release|Any CPU.ActiveCfg = Release|Any CPU
		{5DBDEF16-73F9-457F-B720-CA260884F027}.Release|Any CPU.Build.0 = Release|Any CPU
	EndGlobalSection
	GlobalSection(SolutionProperties) = preSolution
		HideSolutionNode = FALSE
	EndGlobalSection
	GlobalSection(ExtensibilityGlobals) = postSolution
		SolutionGuid = {798CE118-EE58-4199-AB9E-801EEA1E32E7}
	EndGlobalSection
EndGlobal
